
Microsoft Visual Studio Solution File, Format Version 12.00
# Visual Studio for Mac
Project("{FAE04EC0-301F-11D3-BF4B-00C04F79EFBC}") = "9s2D", "9s2D.csproj", "{DB5703EF-1183-1DBA-5356-6E18354A28C1}"
EndProject
Project("{FAE04EC0-301F-11D3-BF4B-00C04F79EFBC}") = "9s2D.Editor", "9s2D.Editor.csproj", "{49C1BAF2-DF99-7E15-6750-6E41D69D8D7E}"
EndProject
Global
	GlobalSection(SolutionConfigurationPlatforms) = preSolution
		Debug|Any CPU = Debug|Any CPU
		Release|Any CPU = Release|Any CPU
	EndGlobalSection
	GlobalSection(ProjectConfigurationPlatforms) = postSolution
		{DB5703EF-1183-1DBA-5356-6E18354A28C1}.Debug|Any CPU.ActiveCfg = Debug|Any CPU
		{DB5703EF-1183-1DBA-5356-6E18354A28C1}.Debug|Any CPU.Build.0 = Debug|Any CPU
		{DB5703EF-1183-1DBA-5356-6E18354A28C1}.Release|Any CPU.ActiveCfg = Release|Any CPU
		{DB5703EF-1183-1DBA-5356-6E18354A28C1}.Release|Any CPU.Build.0 = Release|Any CPU
		{49C1BAF2-DF99-7E15-6750-6E41D69D8D7E}.Debug|Any CPU.ActiveCfg = Debug|Any CPU
		{49C1BAF2-DF99-7E15-6750-6E41D69D8D7E}.Debug|Any CPU.Build.0 = Debug|Any CPU
		{49C1BAF2-DF99-7E15-6750-6E41D69D8D7E}.Release|Any CPU.ActiveCfg = Release|Any CPU
		{49C1BAF2-DF99-7E15-6750-6E41D69D8D7E}.Release|Any CPU.Build.0 = Release|Any CPU
	EndGlobalSection
	GlobalSection(SolutionProperties) = preSolution
		HideSolutionNode = FALSE
	EndGlobalSection
EndGlobal
